
Microsoft Visual Studio Solution File, Format Version 12.00
# Visual Studio Version 16
VisualStudioVersion = 16.0.29806.167
MinimumVisualStudioVersion = 10.0.40219.1
Project("{FAE04EC0-301F-11D3-BF4B-00C04F79EFBC}") = "App1.UWP", "App1\App1.UWP\App1.UWP.csproj", "{E348AE50-8CBE-42B8-A07A-AD961C62B761}"
EndProject
Project("{FAE04EC0-301F-11D3-BF4B-00C04F79EFBC}") = "App1.Android", "App1\App1.Android\App1.Android.csproj", "{711B7462-7DDE-4612-8C5A-041528D91797}"
EndProject
Project("{FAE04EC0-301F-11D3-BF4B-00C04F79EFBC}") = "App1.iOS", "App1\App1.iOS\App1.iOS.csproj", "{15BB44C9-CA72-4770-A347-9802C0D1F0CE}"
EndProject
Project("{FAE04EC0-301F-11D3-BF4B-00C04F79EFBC}") = "App1", "App1\App1\App1.csproj", "{AB2870A1-DBD7-4EDD-BE5A-87BB70BBE7D3}"
EndProject
Global
	GlobalSection(SolutionConfigurationPlatforms) = preSolution
		Debug|Any CPU = Debug|Any CPU
		Debug|ARM = Debug|ARM
		Debug|iPhone = Debug|iPhone
		Debug|iPhoneSimulator = Debug|iPhoneSimulator
		Debug|x64 = Debug|x64
		Debug|x86 = Debug|x86
		Release|Any CPU = Release|Any CPU
		Release|ARM = Release|ARM
		Release|iPhone = Release|iPhone
		Release|iPhoneSimulator = Release|iPhoneSimulator
		Release|x64 = Release|x64
		Release|x86 = Release|x86
	EndGlobalSection
	GlobalSection(ProjectConfigurationPlatforms) = postSolution
		{E348AE50-8CBE-42B8-A07A-AD961C62B761}.Debug|Any CPU.ActiveCfg = Debug|x86
		{E348AE50-8CBE-42B8-A07A-AD961C62B761}.Debug|Any CPU.Build.0 = Debug|x86
		{E348AE50-8CBE-42B8-A07A-AD961C62B761}.Debug|Any CPU.Deploy.0 = Debug|x86
		{E348AE50-8CBE-42B8-A07A-AD961C62B761}.Debug|ARM.ActiveCfg = Debug|ARM
		{E348AE50-8CBE-42B8-A07A-AD961C62B761}.Debug|ARM.Build.0 = Debug|ARM
		{E348AE50-8CBE-42B8-A07A-AD961C62B761}.Debug|ARM.Deploy.0 = Debug|ARM
		{E348AE50-8CBE-42B8-A07A-AD961C62B761}.Debug|iPhone.ActiveCfg = Debug|x86
		{E348AE50-8CBE-42B8-A07A-AD961C62B761}.Debug|iPhone.Build.0 = Debug|x86
		{E348AE50-8CBE-42B8-A07A-AD961C62B761}.Debug|iPhone.Deploy.0 = Debug|x86
		{E348AE50-8CBE-42B8-A07A-AD961C62B761}.Debug|iPhoneSimulator.ActiveCfg = Debug|x86
		{E348AE50-8CBE-42B8-A07A-AD961C62B761}.Debug|iPhoneSimulator.Build.0 = Debug|x86
		{E348AE50-8CBE-42B8-A07A-AD961C62B761}.Debug|iPhoneSimulator.Deploy.0 = Debug|x86
		{E348AE50-8CBE-42B8-A07A-AD961C62B761}.Debug|x64.ActiveCfg = Debug|x64
		{E348AE50-8CBE-42B8-A07A-AD961C62B761}.Debug|x64.Build.0 = Debug|x64
		{E348AE50-8CBE-42B8-A07A-AD961C62B761}.Debug|x64.Deploy.0 = Debug|x64
		{E348AE50-8CBE-42B8-A07A-AD961C62B761}.Debug|x86.ActiveCfg = Debug|x86
		{E348AE50-8CBE-42B8-A07A-AD961C62B761}.Debug|x86.Build.0 = Debug|x86
		{E348AE50-8CBE-42B8-A07A-AD961C62B761}.Debug|x86.Deploy.0 = Debug|x86
		{E348AE50-8CBE-42B8-A07A-AD961C62B761}.Release|Any CPU.ActiveCfg = Release|x86
		{E348AE50-8CBE-42B8-A07A-AD961C62B761}.Release|Any CPU.Build.0 = Release|x86
		{E348AE50-8CBE-42B8-A07A-AD961C62B761}.Release|Any CPU.Deploy.0 = Release|x86
		{E348AE50-8CBE-42B8-A07A-AD961C62B761}.Release|ARM.ActiveCfg = Release|ARM
		{E348AE50-8CBE-42B8-A07A-AD961C62B761}.Release|ARM.Build.0 = Release|ARM
		{E348AE50-8CBE-42B8-A07A-AD961C62B761}.Release|ARM.Deploy.0 = Release|ARM
		{E348AE50-8CBE-42B8-A07A-AD961C62B761}.Release|iPhone.ActiveCfg = Release|x86
		{E348AE50-8CBE-42B8-A07A-AD961C62B761}.Release|iPhone.Build.0 = Release|x86
		{E348AE50-8CBE-42B8-A07A-AD961C62B761}.Release|iPhone.Deploy.0 = Release|x86
		{E348AE50-8CBE-42B8-A07A-AD961C62B761}.Release|iPhoneSimulator.ActiveCfg = Release|x86
		{E348AE50-8CBE-42B8-A07A-AD961C62B761}.Release|iPhoneSimulator.Build.0 = Release|x86
		{E348AE50-8CBE-42B8-A07A-AD961C62B761}.Release|iPhoneSimulator.Deploy.0 = Release|x86
		{E348AE50-8CBE-42B8-A07A-AD961C62B761}.Release|x64.ActiveCfg = Release|x64
		{E348AE50-8CBE-42B8-A07A-AD961C62B761}.Release|x64.Build.0 = Release|x64
		{E348AE50-8CBE-42B8-A07A-AD961C62B761}.Release|x64.Deploy.0 = Release|x64
		{E348AE50-8CBE-42B8-A07A-AD961C62B761}.Release|x86.ActiveCfg = Release|x86
		{E348AE50-8CBE-42B8-A07A-AD961C62B761}.Release|x86.Build.0 = Release|x86
		{E348AE50-8CBE-42B8-A07A-AD961C62B761}.Release|x86.Deploy.0 = Release|x86
		{711B7462-7DDE-4612-8C5A-041528D91797}.Debug|Any CPU.ActiveCfg = Debug|Any CPU
		{711B7462-7DDE-4612-8C5A-041528D91797}.Debug|Any CPU.Build.0 = Debug|Any CPU
		{711B7462-7DDE-4612-8C5A-041528D91797}.Debug|Any CPU.Deploy.0 = Debug|Any CPU
		{711B7462-7DDE-4612-8C5A-041528D91797}.Debug|ARM.ActiveCfg = Debug|Any CPU
		{711B7462-7DDE-4612-8C5A-041528D91797}.Debug|ARM.Build.0 = Debug|Any CPU
		{711B7462-7DDE-4612-8C5A-041528D91797}.Debug|ARM.Deploy.0 = Debug|Any CPU
		{711B7462-7DDE-4612-8C5A-041528D91797}.Debug|iPhone.ActiveCfg = Debug|Any CPU
		{711B7462-7DDE-4612-8C5A-041528D91797}.Debug|iPhone.Build.0 = Debug|Any CPU
		{711B7462-7DDE-4612-8C5A-041528D91797}.Debug|iPhone.Deploy.0 = Debug|Any CPU
		{711B7462-7DDE-4612-8C5A-041528D91797}.Debug|iPhoneSimulator.ActiveCfg = Debug|Any CPU
		{711B7462-7DDE-4612-8C5A-041528D91797}.Debug|iPhoneSimulator.Build.0 = Debug|Any CPU
		{711B7462-7DDE-4612-8C5A-041528D91797}.Debug|iPhoneSimulator.Deploy.0 = Debug|Any CPU
		{711B7462-7DDE-4612-8C5A-041528D91797}.Debug|x64.ActiveCfg = Debug|Any CPU
		{711B7462-7DDE-4612-8C5A-041528D91797}.Debug|x64.Build.0 = Debug|Any CPU
		{711B7462-7DDE-4612-8C5A-041528D91797}.Debug|x64.Deploy.0 = Debug|Any CPU
		{711B7462-7DDE-4612-8C5A-041528D91797}.Debug|x86.ActiveCfg = Debug|Any CPU
		{711B7462-7DDE-4612-8C5A-041528D91797}.Debug|x86.Build.0 = Debug|Any CPU
		{711B7462-7DDE-4612-8C5A-041528D91797}.Debug|x86.Deploy.0 = Debug|Any CPU
		{711B7462-7DDE-4612-8C5A-041528D91797}.Release|Any CPU.ActiveCfg = Release|Any CPU
		{711B7462-7DDE-4612-8C5A-041528D91797}.Release|Any CPU.Build.0 = Release|Any CPU
		{711B7462-7DDE-4612-8C5A-041528D91797}.Release|Any CPU.Deploy.0 = Release|Any CPU
		{711B7462-7DDE-4612-8C5A-041528D91797}.Release|ARM.ActiveCfg = Release|Any CPU
		{711B7462-7DDE-4612-8C5A-041528D91797}.Release|ARM.Build.0 = Release|Any CPU
		{711B7462-7DDE-4612-8C5A-041528D91797}.Release|ARM.Deploy.0 = Release|Any CPU
		{711B7462-7DDE-4612-8C5A-041528D91797}.Release|iPhone.ActiveCfg = Release|Any CPU
		{711B7462-7DDE-4612-8C5A-041528D91797}.Release|iPhone.Build.0 = Release|Any CPU
		{711B7462-7DDE-4612-8C5A-041528D91797}.Release|iPhone.Deploy.0 = Release|Any CPU
		{711B7462-7DDE-4612-8C5A-041528D91797}.Release|iPhoneSimulator.ActiveCfg = Release|Any CPU
		{711B7462-7DDE-4612-8C5A-041528D91797}.Release|iPhoneSimulator.Build.0 = Release|Any CPU
		{711B7462-7DDE-4612-8C5A-041528D91797}.Release|iPhoneSimulator.Deploy.0 = Release|Any CPU
		{711B7462-7DDE-4612-8C5A-041528D91797}.Release|x64.ActiveCfg = Release|Any CPU
		{711B7462-7DDE-4612-8C5A-041528D91797}.Release|x64.Build.0 = Release|Any CPU
		{711B7462-7DDE-4612-8C5A-041528D91797}.Release|x64.Deploy.0 = Release|Any CPU
		{711B7462-7DDE-4612-8C5A-041528D91797}.Release|x86.ActiveCfg = Release|Any CPU
		{711B7462-7DDE-4612-8C5A-041528D91797}.Release|x86.Build.0 = Release|Any CPU
		{711B7462-7DDE-4612-8C5A-041528D91797}.Release|x86.Deploy.0 = Release|Any CPU
		{15BB44C9-CA72-4770-A347-9802C0D1F0CE}.Debug|Any CPU.ActiveCfg = Debug|iPhone
		{15BB44C9-CA72-4770-A347-9802C0D1F0CE}.Debug|Any CPU.Build.0 = Debug|iPhone
		{15BB44C9-CA72-4770-A347-9802C0D1F0CE}.Debug|Any CPU.Deploy.0 = Debug|iPhone
		{15BB44C9-CA72-4770-A347-9802C0D1F0CE}.Debug|ARM.ActiveCfg = Debug|iPhoneSimulator
		{15BB44C9-CA72-4770-A347-9802C0D1F0CE}.Debug|ARM.Build.0 = Debug|iPhoneSimulator
		{15BB44C9-CA72-4770-A347-9802C0D1F0CE}.Debug|ARM.Deploy.0 = Debug|iPhoneSimulator
		{15BB44C9-CA72-4770-A347-9802C0D1F0CE}.Debug|iPhone.ActiveCfg = Debug|iPhone
		{15BB44C9-CA72-4770-A347-9802C0D1F0CE}.Debug|iPhone.Build.0 = Debug|iPhone
		{15BB44C9-CA72-4770-A347-9802C0D1F0CE}.Debug|iPhone.Deploy.0 = Debug|iPhone
		{15BB44C9-CA72-4770-A347-9802C0D1F0CE}.Debug|iPhoneSimulator.ActiveCfg = Debug|iPhoneSimulator
		{15BB44C9-CA72-4770-A347-9802C0D1F0CE}.Debug|iPhoneSimulator.Build.0 = Debug|iPhoneSimulator
		{15BB44C9-CA72-4770-A347-9802C0D1F0CE}.Debug|iPhoneSimulator.Deploy.0 = Debug|iPhoneSimulator
		{15BB44C9-CA72-4770-A347-9802C0D1F0CE}.Debug|x64.ActiveCfg = Debug|iPhone
		{15BB44C9-CA72-4770-A347-9802C0D1F0CE}.Debug|x64.Build.0 = Debug|iPhone
		{15BB44C9-CA72-4770-A347-9802C0D1F0CE}.Debug|x64.Deploy.0 = Debug|iPhone
		{15BB44C9-CA72-4770-A347-9802C0D1F0CE}.Debug|x86.ActiveCfg = Debug|iPhone
		{15BB44C9-CA72-4770-A347-9802C0D1F0CE}.Debug|x86.Build.0 = Debug|iPhone
		{15BB44C9-CA72-4770-A347-9802C0D1F0CE}.Debug|x86.Deploy.0 = Debug|iPhone
		{15BB44C9-CA72-4770-A347-9802C0D1F0CE}.Release|Any CPU.ActiveCfg = Release|iPhone
		{15BB44C9-CA72-4770-A347-9802C0D1F0CE}.Release|Any CPU.Build.0 = Release|iPhone
		{15BB44C9-CA72-4770-A347-9802C0D1F0CE}.Release|Any CPU.Deploy.0 = Release|iPhone
		{15BB44C9-CA72-4770-A347-9802C0D1F0CE}.Release|ARM.ActiveCfg = Release|iPhone
		{15BB44C9-CA72-4770-A347-9802C0D1F0CE}.Release|ARM.Build.0 = Release|iPhone
		{15BB44C9-CA72-4770-A347-9802C0D1F0CE}.Release|ARM.Deploy.0 = Release|iPhone
		{15BB44C9-CA72-4770-A347-9802C0D1F0CE}.Release|iPhone.ActiveCfg = Release|iPhone
		{15BB44C9-CA72-4770-A347-9802C0D1F0CE}.Release|iPhone.Build.0 = Release|iPhone
		{15BB44C9-CA72-4770-A347-9802C0D1F0CE}.Release|iPhone.Deploy.0 = Release|iPhone
		{15BB44C9-CA72-4770-A347-9802C0D1F0CE}.Release|iPhoneSimulator.ActiveCfg = Release|iPhoneSimulator
		{15BB44C9-CA72-4770-A347-9802C0D1F0CE}.Release|iPhoneSimulator.Build.0 = Release|iPhoneSimulator
		{15BB44C9-CA72-4770-A347-9802C0D1F0CE}.Release|iPhoneSimulator.Deploy.0 = Release|iPhoneSimulator
		{15BB44C9-CA72-4770-A347-9802C0D1F0CE}.Release|x64.ActiveCfg = Release|iPhone
		{15BB44C9-CA72-4770-A347-9802C0D1F0CE}.Release|x64.Build.0 = Release|iPhone
		{15BB44C9-CA72-4770-A347-9802C0D1F0CE}.Release|x64.Deploy.0 = Release|iPhone
		{15BB44C9-CA72-4770-A347-9802C0D1F0CE}.Release|x86.ActiveCfg = Release|iPhone
		{15BB44C9-CA72-4770-A347-9802C0D1F0CE}.Release|x86.Build.0 = Release|iPhone
		{15BB44C9-CA72-4770-A347-9802C0D1F0CE}.Release|x86.Deploy.0 = Release|iPhone
		{AB2870A1-DBD7-4EDD-BE5A-87BB70BBE7D3}.Debug|Any CPU.ActiveCfg = Debug|Any CPU
		{AB2870A1-DBD7-4EDD-BE5A-87BB70BBE7D3}.Debug|Any CPU.Build.0 = Debug|Any CPU
		{AB2870A1-DBD7-4EDD-BE5A-87BB70BBE7D3}.Debug|Any CPU.Deploy.0 = Debug|Any CPU
		{AB2870A1-DBD7-4EDD-BE5A-87BB70BBE7D3}.Debug|ARM.ActiveCfg = Debug|Any CPU
		{AB2870A1-DBD7-4EDD-BE5A-87BB70BBE7D3}.Debug|ARM.Build.0 = Debug|Any CPU
		{AB2870A1-DBD7-4EDD-BE5A-87BB70BBE7D3}.Debug|ARM.Deploy.0 = Debug|Any CPU
		{AB2870A1-DBD7-4EDD-BE5A-87BB70BBE7D3}.Debug|iPhone.ActiveCfg = Debug|Any CPU
		{AB2870A1-DBD7-4EDD-BE5A-87BB70BBE7D3}.Debug|iPhone.Build.0 = Debug|Any CPU
		{AB2870A1-DBD7-4EDD-BE5A-87BB70BBE7D3}.Debug|iPhone.Deploy.0 = Debug|Any CPU
		{AB2870A1-DBD7-4EDD-BE5A-87BB70BBE7D3}.Debug|iPhoneSimulator.ActiveCfg = Debug|Any CPU
		{AB2870A1-DBD7-4EDD-BE5A-87BB70BBE7D3}.Debug|iPhoneSimulator.Build.0 = Debug|Any CPU
		{AB2870A1-DBD7-4EDD-BE5A-87BB70BBE7D3}.Debug|iPhoneSimulator.Deploy.0 = Debug|Any CPU
		{AB2870A1-DBD7-4EDD-BE5A-87BB70BBE7D3}.Debug|x64.ActiveCfg = Debug|Any CPU
		{AB2870A1-DBD7-4EDD-BE5A-87BB70BBE7D3}.Debug|x64.Build.0 = Debug|Any CPU
		{AB2870A1-DBD7-4EDD-BE5A-87BB70BBE7D3}.Debug|x64.Deploy.0 = Debug|Any CPU
		{AB2870A1-DBD7-4EDD-BE5A-87BB70BBE7D3}.Debug|x86.ActiveCfg = Debug|Any CPU
		{AB2870A1-DBD7-4EDD-BE5A-87BB70BBE7D3}.Debug|x86.Build.0 = Debug|Any CPU
		{AB2870A1-DBD7-4EDD-BE5A-87BB70BBE7D3}.Debug|x86.Deploy.0 = Debug|Any CPU
		{AB2870A1-DBD7-4EDD-BE5A-87BB70BBE7D3}.Release|Any CPU.ActiveCfg = Release|Any CPU
		{AB2870A1-DBD7-4EDD-BE5A-87BB70BBE7D3}.Release|Any CPU.Build.0 = Release|Any CPU
		{AB2870A1-DBD7-4EDD-BE5A-87BB70BBE7D3}.Release|Any CPU.Deploy.0 = Release|Any CPU
		{AB2870A1-DBD7-4EDD-BE5A-87BB70BBE7D3}.Release|ARM.ActiveCfg = Release|Any CPU
		{AB2870A1-DBD7-4EDD-BE5A-87BB70BBE7D3}.Release|ARM.Build.0 = Release|Any CPU
		{AB2870A1-DBD7-4EDD-BE5A-87BB70BBE7D3}.Release|ARM.Deploy.0 = Release|Any CPU
		{AB2870A1-DBD7-4EDD-BE5A-87BB70BBE7D3}.Release|iPhone.ActiveCfg = Release|Any CPU
		{AB2870A1-DBD7-4EDD-BE5A-87BB70BBE7D3}.Release|iPhone.Build.0 = Release|Any CPU
		{AB2870A1-DBD7-4EDD-BE5A-87BB70BBE7D3}.Release|iPhone.Deploy.0 = Release|Any CPU
		{AB2870A1-DBD7-4EDD-BE5A-87BB70BBE7D3}.Release|iPhoneSimulator.ActiveCfg = Release|Any CPU
		{AB2870A1-DBD7-4EDD-BE5A-87BB70BBE7D3}.Release|iPhoneSimulator.Build.0 = Release|Any CPU
		{AB2870A1-DBD7-4EDD-BE5A-87BB70BBE7D3}.Release|iPhoneSimulator.Deploy.0 = Release|Any CPU
		{AB2870A1-DBD7-4EDD-BE5A-87BB70BBE7D3}.Release|x64.ActiveCfg = Release|Any CPU
		{AB2870A1-DBD7-4EDD-BE5A-87BB70BBE7D3}.Release|x64.Build.0 = Release|Any CPU
		{AB2870A1-DBD7-4EDD-BE5A-87BB70BBE7D3}.Release|x64.Deploy.0 = Release|Any CPU
		{AB2870A1-DBD7-4EDD-BE5A-87BB70BBE7D3}.Release|x86.ActiveCfg = Release|Any CPU
		{AB2870A1-DBD7-4EDD-BE5A-87BB70BBE7D3}.Release|x86.Build.0 = Release|Any CPU
		{AB2870A1-DBD7-4EDD-BE5A-87BB70BBE7D3}.Release|x86.Deploy.0 = Release|Any CPU
	EndGlobalSection
	GlobalSection(SolutionProperties) = preSolution
		HideSolutionNode = FALSE
	EndGlobalSection
	GlobalSection(ExtensibilityGlobals) = postSolution
		SolutionGuid = {17E6E5AD-D029-4F3F-8ED7-C3C172B08934}
	EndGlobalSection
EndGlobal
